// !$*UTF8*$!
{
	archiveVersion = 1;
	classes = {
	};
	objectVersion = 48;
	objects = {

/* Begin PBXBuildFile section */
		CAB3BBEE1FAB95F1007DBA97 /* Assets.xcassets in Resources */ = {isa = PBXBuildFile; fileRef = CAB3BBED1FAB95F1007DBA97 /* Assets.xcassets */; };
		CAB3BBF51FAB95F1007DBA97 /* iStudyMessage MessagesExtension.appex in Embed App Extensions */ = {isa = PBXBuildFile; fileRef = CAB3BBF41FAB95F1007DBA97 /* iStudyMessage MessagesExtension.appex */; settings = {ATTRIBUTES = (RemoveHeadersOnCopy, ); }; };
		CAB3BBFA1FAB95F1007DBA97 /* Messages.framework in Frameworks */ = {isa = PBXBuildFile; fileRef = CAB3BBF91FAB95F1007DBA97 /* Messages.framework */; };
		CAB3BBFD1FAB95F1007DBA97 /* MessagesViewController.swift in Sources */ = {isa = PBXBuildFile; fileRef = CAB3BBFC1FAB95F1007DBA97 /* MessagesViewController.swift */; };
		CAB3BC001FAB95F1007DBA97 /* MainInterface.storyboard in Resources */ = {isa = PBXBuildFile; fileRef = CAB3BBFE1FAB95F1007DBA97 /* MainInterface.storyboard */; };
		CAB3BC021FAB95F1007DBA97 /* Assets.xcassets in Resources */ = {isa = PBXBuildFile; fileRef = CAB3BC011FAB95F1007DBA97 /* Assets.xcassets */; };
/* End PBXBuildFile section */

/* Begin PBXContainerItemProxy section */
		CAB3BBF61FAB95F1007DBA97 /* PBXContainerItemProxy */ = {
			isa = PBXContainerItemProxy;
			containerPortal = CAB3BBE41FAB95F0007DBA97 /* Project object */;
			proxyType = 1;
			remoteGlobalIDString = CAB3BBF31FAB95F1007DBA97;
			remoteInfo = "iStudyMessage MessagesExtension";
		};
/* End PBXContainerItemProxy section */

/* Begin PBXCopyFilesBuildPhase section */
		CAB3BC091FAB95F1007DBA97 /* Embed App Extensions */ = {
			isa = PBXCopyFilesBuildPhase;
			buildActionMask = 2147483647;
			dstPath = "";
			dstSubfolderSpec = 13;
			files = (
				CAB3BBF51FAB95F1007DBA97 /* iStudyMessage MessagesExtension.appex in Embed App Extensions */,
			);
			name = "Embed App Extensions";
			runOnlyForDeploymentPostprocessing = 0;
		};
/* End PBXCopyFilesBuildPhase section */

/* Begin PBXFileReference section */
		CAB3BBEA1FAB95F1007DBA97 /* iStudyMessage.app */ = {isa = PBXFileReference; explicitFileType = wrapper.application; includeInIndex = 0; path = iStudyMessage.app; sourceTree = BUILT_PRODUCTS_DIR; };
		CAB3BBED1FAB95F1007DBA97 /* Assets.xcassets */ = {isa = PBXFileReference; lastKnownFileType = folder.assetcatalog; path = Assets.xcassets; sourceTree = "<group>"; };
		CAB3BBEF1FAB95F1007DBA97 /* Info.plist */ = {isa = PBXFileReference; lastKnownFileType = text.plist.xml; path = Info.plist; sourceTree = "<group>"; };
		CAB3BBF41FAB95F1007DBA97 /* iStudyMessage MessagesExtension.appex */ = {isa = PBXFileReference; explicitFileType = "wrapper.app-extension"; includeInIndex = 0; path = "iStudyMessage MessagesExtension.appex"; sourceTree = BUILT_PRODUCTS_DIR; };
		CAB3BBF91FAB95F1007DBA97 /* Messages.framework */ = {isa = PBXFileReference; lastKnownFileType = wrapper.framework; name = Messages.framework; path = System/Library/Frameworks/Messages.framework; sourceTree = SDKROOT; };
		CAB3BBFC1FAB95F1007DBA97 /* MessagesViewController.swift */ = {isa = PBXFileReference; lastKnownFileType = sourcecode.swift; path = MessagesViewController.swift; sourceTree = "<group>"; };
		CAB3BBFF1FAB95F1007DBA97 /* Base */ = {isa = PBXFileReference; lastKnownFileType = file.storyboard; name = Base; path = Base.lproj/MainInterface.storyboard; sourceTree = "<group>"; };
		CAB3BC011FAB95F1007DBA97 /* Assets.xcassets */ = {isa = PBXFileReference; lastKnownFileType = folder.assetcatalog; path = Assets.xcassets; sourceTree = "<group>"; };
		CAB3BC031FAB95F1007DBA97 /* Info.plist */ = {isa = PBXFileReference; lastKnownFileType = text.plist.xml; path = Info.plist; sourceTree = "<group>"; };
/* End PBXFileReference section */

/* Begin PBXFrameworksBuildPhase section */
		CAB3BBF11FAB95F1007DBA97 /* Frameworks */ = {
			isa = PBXFrameworksBuildPhase;
			buildActionMask = 2147483647;
			files = (
				CAB3BBFA1FAB95F1007DBA97 /* Messages.framework in Frameworks */,
			);
			runOnlyForDeploymentPostprocessing = 0;
		};
/* End PBXFrameworksBuildPhase section */

/* Begin PBXGroup section */
		CAB3BBE31FAB95F0007DBA97 = {
			isa = PBXGroup;
			children = (
				CAB3BBEC1FAB95F1007DBA97 /* iStudyMessage */,
				CAB3BBFB1FAB95F1007DBA97 /* iStudyMessage MessagesExtension */,
				CAB3BBF81FAB95F1007DBA97 /* Frameworks */,
				CAB3BBEB1FAB95F1007DBA97 /* Products */,
			);
			sourceTree = "<group>";
		};
		CAB3BBEB1FAB95F1007DBA97 /* Products */ = {
			isa = PBXGroup;
			children = (
				CAB3BBEA1FAB95F1007DBA97 /* iStudyMessage.app */,
				CAB3BBF41FAB95F1007DBA97 /* iStudyMessage MessagesExtension.appex */,
			);
			name = Products;
			sourceTree = "<group>";
		};
		CAB3BBEC1FAB95F1007DBA97 /* iStudyMessage */ = {
			isa = PBXGroup;
			children = (
				CAB3BBED1FAB95F1007DBA97 /* Assets.xcassets */,
				CAB3BBEF1FAB95F1007DBA97 /* Info.plist */,
			);
			path = iStudyMessage;
			sourceTree = "<group>";
		};
		CAB3BBF81FAB95F1007DBA97 /* Frameworks */ = {
			isa = PBXGroup;
			children = (
				CAB3BBF91FAB95F1007DBA97 /* Messages.framework */,
			);
			name = Frameworks;
			sourceTree = "<group>";
		};
		CAB3BBFB1FAB95F1007DBA97 /* iStudyMessage MessagesExtension */ = {
			isa = PBXGroup;
			children = (
				CAB3BBFC1FAB95F1007DBA97 /* MessagesViewController.swift */,
				CAB3BBFE1FAB95F1007DBA97 /* MainInterface.storyboard */,
				CAB3BC011FAB95F1007DBA97 /* Assets.xcassets */,
				CAB3BC031FAB95F1007DBA97 /* Info.plist */,
			);
			path = "iStudyMessage MessagesExtension";
			sourceTree = "<group>";
		};
/* End PBXGroup section */

/* Begin PBXNativeTarget section */
		CAB3BBE91FAB95F1007DBA97 /* iStudyMessage */ = {
			isa = PBXNativeTarget;
			buildConfigurationList = CAB3BC0A1FAB95F1007DBA97 /* Build configuration list for PBXNativeTarget "iStudyMessage" */;
			buildPhases = (
				CAB3BBE81FAB95F1007DBA97 /* Resources */,
				CAB3BC091FAB95F1007DBA97 /* Embed App Extensions */,
			);
			buildRules = (
			);
			dependencies = (
				CAB3BBF71FAB95F1007DBA97 /* PBXTargetDependency */,
			);
			name = iStudyMessage;
			productName = iStudyMessage;
			productReference = CAB3BBEA1FAB95F1007DBA97 /* iStudyMessage.app */;
			productType = "com.apple.product-type.application.messages";
		};
		CAB3BBF31FAB95F1007DBA97 /* iStudyMessage MessagesExtension */ = {
			isa = PBXNativeTarget;
			buildConfigurationList = CAB3BC061FAB95F1007DBA97 /* Build configuration list for PBXNativeTarget "iStudyMessage MessagesExtension" */;
			buildPhases = (
				CAB3BBF01FAB95F1007DBA97 /* Sources */,
				CAB3BBF11FAB95F1007DBA97 /* Frameworks */,
				CAB3BBF21FAB95F1007DBA97 /* Resources */,
			);
			buildRules = (
			);
			dependencies = (
			);
			name = "iStudyMessage MessagesExtension";
			productName = "iStudyMessage MessagesExtension";
			productReference = CAB3BBF41FAB95F1007DBA97 /* iStudyMessage MessagesExtension.appex */;
			productType = "com.apple.product-type.app-extension.messages";
		};
/* End PBXNativeTarget section */

/* Begin PBXProject section */
		CAB3BBE41FAB95F0007DBA97 /* Project object */ = {
			isa = PBXProject;
			attributes = {
				LastSwiftUpdateCheck = 0900;
				LastUpgradeCheck = 0900;
				ORGANIZATIONNAME = "Brandon Antezana";
				TargetAttributes = {
					CAB3BBE91FAB95F1007DBA97 = {
						CreatedOnToolsVersion = 9.0.1;
						ProvisioningStyle = Automatic;
					};
					CAB3BBF31FAB95F1007DBA97 = {
						CreatedOnToolsVersion = 9.0.1;
						ProvisioningStyle = Automatic;
					};
				};
			};
			buildConfigurationList = CAB3BBE71FAB95F0007DBA97 /* Build configuration list for PBXProject "iStudyMessage" */;
			compatibilityVersion = "Xcode 8.0";
			developmentRegion = en;
			hasScannedForEncodings = 0;
			knownRegions = (
				en,
				Base,
			);
			mainGroup = CAB3BBE31FAB95F0007DBA97;
			productRefGroup = CAB3BBEB1FAB95F1007DBA97 /* Products */;
			projectDirPath = "";
			projectRoot = "";
			targets = (
				CAB3BBE91FAB95F1007DBA97 /* iStudyMessage */,
				CAB3BBF31FAB95F1007DBA97 /* iStudyMessage MessagesExtension */,
			);
		};
/* End PBXProject section */

/* Begin PBXResourcesBuildPhase section */
		CAB3BBE81FAB95F1007DBA97 /* Resources */ = {
			isa = PBXResourcesBuildPhase;
			buildActionMask = 2147483647;
			files = (
				CAB3BBEE1FAB95F1007DBA97 /* Assets.xcassets in Resources */,
			);
			runOnlyForDeploymentPostprocessing = 0;
		};
		CAB3BBF21FAB95F1007DBA97 /* Resources */ = {
			isa = PBXResourcesBuildPhase;
			buildActionMask = 2147483647;
			files = (
				CAB3BC021FAB95F1007DBA97 /* Assets.xcassets in Resources */,
				CAB3BC001FAB95F1007DBA97 /* MainInterface.storyboard in Resources */,
			);
			runOnlyForDeploymentPostprocessing = 0;
		};
/* End PBXResourcesBuildPhase section */

/* Begin PBXSourcesBuildPhase section */
		CAB3BBF01FAB95F1007DBA97 /* Sources */ = {
			isa = PBXSourcesBuildPhase;
			buildActionMask = 2147483647;
			files = (
				CAB3BBFD1FAB95F1007DBA97 /* MessagesViewController.swift in Sources */,
			);
			runOnlyForDeploymentPostprocessing = 0;
		};
/* End PBXSourcesBuildPhase section */

/* Begin PBXTargetDependency section */
		CAB3BBF71FAB95F1007DBA97 /* PBXTargetDependency */ = {
			isa = PBXTargetDependency;
			target = CAB3BBF31FAB95F1007DBA97 /* iStudyMessage MessagesExtension */;
			targetProxy = CAB3BBF61FAB95F1007DBA97 /* PBXContainerItemProxy */;
		};
/* End PBXTargetDependency section */

/* Begin PBXVariantGroup section */
		CAB3BBFE1FAB95F1007DBA97 /* MainInterface.storyboard */ = {
			isa = PBXVariantGroup;
			children = (
				CAB3BBFF1FAB95F1007DBA97 /* Base */,
			);
			name = MainInterface.storyboard;
			sourceTree = "<group>";
		};
/* End PBXVariantGroup section */

/* Begin XCBuildConfiguration section */
		CAB3BC041FAB95F1007DBA97 /* Debug */ = {
			isa = XCBuildConfiguration;
			buildSettings = {
				ALWAYS_SEARCH_USER_PATHS = NO;
				CLANG_ANALYZER_NONNULL = YES;
				CLANG_ANALYZER_NUMBER_OBJECT_CONVERSION = YES_AGGRESSIVE;
				CLANG_CXX_LANGUAGE_STANDARD = "gnu++14";
				CLANG_CXX_LIBRARY = "libc++";
				CLANG_ENABLE_MODULES = YES;
				CLANG_ENABLE_OBJC_ARC = YES;
				CLANG_WARN_BLOCK_CAPTURE_AUTORELEASING = YES;
				CLANG_WARN_BOOL_CONVERSION = YES;
				CLANG_WARN_COMMA = YES;
				CLANG_WARN_CONSTANT_CONVERSION = YES;
				CLANG_WARN_DIRECT_OBJC_ISA_USAGE = YES_ERROR;
				CLANG_WARN_DOCUMENTATION_COMMENTS = YES;
				CLANG_WARN_EMPTY_BODY = YES;
				CLANG_WARN_ENUM_CONVERSION = YES;
				CLANG_WARN_INFINITE_RECURSION = YES;
				CLANG_WARN_INT_CONVERSION = YES;
				CLANG_WARN_NON_LITERAL_NULL_CONVERSION = YES;
				CLANG_WARN_OBJC_LITERAL_CONVERSION = YES;
				CLANG_WARN_OBJC_ROOT_CLASS = YES_ERROR;
				CLANG_WARN_RANGE_LOOP_ANALYSIS = YES;
				CLANG_WARN_STRICT_PROTOTYPES = YES;
				CLANG_WARN_SUSPICIOUS_MOVE = YES;
				CLANG_WARN_UNGUARDED_AVAILABILITY = YES_AGGRESSIVE;
				CLANG_WARN_UNREACHABLE_CODE = YES;
				CLANG_WARN__DUPLICATE_METHOD_MATCH = YES;
				CODE_SIGN_IDENTITY = "iPhone Developer";
				COPY_PHASE_STRIP = NO;
				DEBUG_INFORMATION_FORMAT = dwarf;
				ENABLE_STRICT_OBJC_MSGSEND = YES;
				ENABLE_TESTABILITY = YES;
				GCC_C_LANGUAGE_STANDARD = gnu11;
				GCC_DYNAMIC_NO_PIC = NO;
				GCC_NO_COMMON_BLOCKS = YES;
				GCC_OPTIMIZATION_LEVEL = 0;
				GCC_PREPROCESSOR_DEFINITIONS = (
					"DEBUG=1",
					"$(inherited)",
				);
				GCC_WARN_64_TO_32_BIT_CONVERSION = YES;
				GCC_WARN_ABOUT_RETURN_TYPE = YES_ERROR;
				GCC_WARN_UNDECLARED_SELECTOR = YES;
				GCC_WARN_UNINITIALIZED_AUTOS = YES_AGGRESSIVE;
				GCC_WARN_UNUSED_FUNCTION = YES;
				GCC_WARN_UNUSED_VARIABLE = YES;
				IPHONEOS_DEPLOYMENT_TARGET = 11.0;
				MTL_ENABLE_DEBUG_INFO = YES;
				ONLY_ACTIVE_ARCH = YES;
				SDKROOT = iphoneos;
				SWIFT_ACTIVE_COMPILATION_CONDITIONS = DEBUG;
				SWIFT_OPTIMIZATION_LEVEL = "-Onone";
			};
			name = Debug;
		};
		CAB3BC051FAB95F1007DBA97 /* Release */ = {
			isa = XCBuildConfiguration;
			buildSettings = {
				ALWAYS_SEARCH_USER_PATHS = NO;
				CLANG_ANALYZER_NONNULL = YES;
				CLANG_ANALYZER_NUMBER_OBJECT_CONVERSION = YES_AGGRESSIVE;
				CLANG_CXX_LANGUAGE_STANDARD = "gnu++14";
				CLANG_CXX_LIBRARY = "libc++";
				CLANG_ENABLE_MODULES = YES;
				CLANG_ENABLE_OBJC_ARC = YES;
				CLANG_WARN_BLOCK_CAPTURE_AUTORELEASING = YES;
				CLANG_WARN_BOOL_CONVERSION = YES;
				CLANG_WARN_COMMA = YES;
				CLANG_WARN_CONSTANT_CONVERSION = YES;
				CLANG_WARN_DIRECT_OBJC_ISA_USAGE = YES_ERROR;
				CLANG_WARN_DOCUMENTATION_COMMENTS = YES;
				CLANG_WARN_EMPTY_BODY = YES;
				CLANG_WARN_ENUM_CONVERSION = YES;
				CLANG_WARN_INFINITE_RECURSION = YES;
				CLANG_WARN_INT_CONVERSION = YES;
				CLANG_WARN_NON_LITERAL_NULL_CONVERSION = YES;
				CLANG_WARN_OBJC_LITERAL_CONVERSION = YES;
				CLANG_WARN_OBJC_ROOT_CLASS = YES_ERROR;
				CLANG_WARN_RANGE_LOOP_ANALYSIS = YES;
				CLANG_WARN_STRICT_PROTOTYPES = YES;
				CLANG_WARN_SUSPICIOUS_MOVE = YES;
				CLANG_WARN_UNGUARDED_AVAILABILITY = YES_AGGRESSIVE;
				CLANG_WARN_UNREACHABLE_CODE = YES;
				CLANG_WARN__DUPLICATE_METHOD_MATCH = YES;
				CODE_SIGN_IDENTITY = "iPhone Developer";
				COPY_PHASE_STRIP = NO;
				DEBUG_INFORMATION_FORMAT = "dwarf-with-dsym";
				ENABLE_NS_ASSERTIONS = NO;
				ENABLE_STRICT_OBJC_MSGSEND = YES;
				GCC_C_LANGUAGE_STANDARD = gnu11;
				GCC_NO_COMMON_BLOCKS = YES;
				GCC_WARN_64_TO_32_BIT_CONVERSION = YES;
				GCC_WARN_ABOUT_RETURN_TYPE = YES_ERROR;
				GCC_WARN_UNDECLARED_SELECTOR = YES;
				GCC_WARN_UNINITIALIZED_AUTOS = YES_AGGRESSIVE;
				GCC_WARN_UNUSED_FUNCTION = YES;
				GCC_WARN_UNUSED_VARIABLE = YES;
				IPHONEOS_DEPLOYMENT_TARGET = 11.0;
				MTL_ENABLE_DEBUG_INFO = NO;
				SDKROOT = iphoneos;
				SWIFT_OPTIMIZATION_LEVEL = "-Owholemodule";
				VALIDATE_PRODUCT = YES;
			};
			name = Release;
		};
		CAB3BC071FAB95F1007DBA97 /* Debug */ = {
			isa = XCBuildConfiguration;
			buildSettings = {
				ASSETCATALOG_COMPILER_APPICON_NAME = "iMessage App Icon";
				CODE_SIGN_STYLE = Automatic;
				INFOPLIST_FILE = "iStudyMessage MessagesExtension/Info.plist";
				LD_RUNPATH_SEARCH_PATHS = "$(inherited) @executable_path/Frameworks @executable_path/../../Frameworks";
				PRODUCT_BUNDLE_IDENTIFIER = me.iStudyMessage.MessagesExtension;
				PRODUCT_NAME = "$(TARGET_NAME)";
				SKIP_INSTALL = YES;
				SWIFT_VERSION = 4.0;
				TARGETED_DEVICE_FAMILY = "1,2";
			};
			name = Debug;
		};
		CAB3BC081FAB95F1007DBA97 /* Release */ = {
			isa = XCBuildConfiguration;
			buildSettings = {
				ASSETCATALOG_COMPILER_APPICON_NAME = "iMessage App Icon";
				CODE_SIGN_STYLE = Automatic;
				INFOPLIST_FILE = "iStudyMessage MessagesExtension/Info.plist";
				LD_RUNPATH_SEARCH_PATHS = "$(inherited) @executable_path/Frameworks @executable_path/../../Frameworks";
				PRODUCT_BUNDLE_IDENTIFIER = me.iStudyMessage.MessagesExtension;
				PRODUCT_NAME = "$(TARGET_NAME)";
				SKIP_INSTALL = YES;
				SWIFT_VERSION = 4.0;
				TARGETED_DEVICE_FAMILY = "1,2";
			};
			name = Release;
		};
		CAB3BC0B1FAB95F1007DBA97 /* Debug */ = {
			isa = XCBuildConfiguration;
			buildSettings = {
				ALWAYS_EMBED_SWIFT_STANDARD_LIBRARIES = YES;
				ASSETCATALOG_COMPILER_APPICON_NAME = AppIcon;
				CODE_SIGN_STYLE = Automatic;
				INFOPLIST_FILE = iStudyMessage/Info.plist;
				PRODUCT_BUNDLE_IDENTIFIER = me.iStudyMessage;
				PRODUCT_NAME = "$(TARGET_NAME)";
				SWIFT_VERSION = 4.0;
				TARGETED_DEVICE_FAMILY = "1,2";
			};
			name = Debug;
		};
		CAB3BC0C1FAB95F1007DBA97 /* Release */ = {
			isa = XCBuildConfiguration;
			buildSettings = {
				ALWAYS_EMBED_SWIFT_STANDARD_LIBRARIES = YES;
				ASSETCATALOG_COMPILER_APPICON_NAME = AppIcon;
				CODE_SIGN_STYLE = Automatic;
				INFOPLIST_FILE = iStudyMessage/Info.plist;
				PRODUCT_BUNDLE_IDENTIFIER = me.iStudyMessage;
				PRODUCT_NAME = "$(TARGET_NAME)";
				SWIFT_VERSION = 4.0;
				TARGETED_DEVICE_FAMILY = "1,2";
			};
			name = Release;
		};
/* End XCBuildConfiguration section */

/* Begin XCConfigurationList section */
		CAB3BBE71FAB95F0007DBA97 /* Build configuration list for PBXProject "iStudyMessage" */ = {
			isa = XCConfigurationList;
			buildConfigurations = (
				CAB3BC041FAB95F1007DBA97 /* Debug */,
				CAB3BC051FAB95F1007DBA97 /* Release */,
			);
			defaultConfigurationIsVisible = 0;
			defaultConfigurationName = Release;
		};
		CAB3BC061FAB95F1007DBA97 /* Build configuration list for PBXNativeTarget "iStudyMessage MessagesExtension" */ = {
			isa = XCConfigurationList;
			buildConfigurations = (
				CAB3BC071FAB95F1007DBA97 /* Debug */,
				CAB3BC081FAB95F1007DBA97 /* Release */,
			);
			defaultConfigurationIsVisible = 0;
			defaultConfigurationName = Release;
		};
		CAB3BC0A1FAB95F1007DBA97 /* Build configuration list for PBXNativeTarget "iStudyMessage" */ = {
			isa = XCConfigurationList;
			buildConfigurations = (
				CAB3BC0B1FAB95F1007DBA97 /* Debug */,
				CAB3BC0C1FAB95F1007DBA97 /* Release */,
			);
			defaultConfigurationIsVisible = 0;
			defaultConfigurationName = Release;
		};
/* End XCConfigurationList section */
	};
	rootObject = CAB3BBE41FAB95F0007DBA97 /* Project object */;
}
